// !$*UTF8*$!
{
	archiveVersion = 1;
	classes = {
	};
	objectVersion = 46;
	objects = {

/* Begin PBXBuildFile section */
		1D7E8A3F1B678A73005491F0 /* main.m in Sources */ = {isa = PBXBuildFile; fileRef = 1D7E8A3E1B678A73005491F0 /* main.m */; };
		1D7E8A421B678A73005491F0 /* AppDelegate.m in Sources */ = {isa = PBXBuildFile; fileRef = 1D7E8A411B678A73005491F0 /* AppDelegate.m */; };
		1D7E8A481B678A73005491F0 /* Main.storyboard in Resources */ = {isa = PBXBuildFile; fileRef = 1D7E8A461B678A73005491F0 /* Main.storyboard */; };
		1D7E8A4A1B678A73005491F0 /* Images.xcassets in Resources */ = {isa = PBXBuildFile; fileRef = 1D7E8A491B678A73005491F0 /* Images.xcassets */; };
		1D7E8A4D1B678A73005491F0 /* LaunchScreen.xib in Resources */ = {isa = PBXBuildFile; fileRef = 1D7E8A4B1B678A73005491F0 /* LaunchScreen.xib */; };
		1D7E8A591B678A74005491F0 /* XJStudyDemoTests.m in Sources */ = {isa = PBXBuildFile; fileRef = 1D7E8A581B678A74005491F0 /* XJStudyDemoTests.m */; };
		1D7E8A641B678BAB005491F0 /* XJRootViewController.m in Sources */ = {isa = PBXBuildFile; fileRef = 1D7E8A631B678BAB005491F0 /* XJRootViewController.m */; };
		1DC7506F1B68A8C200366AA9 /* XJDataListViewController.m in Sources */ = {isa = PBXBuildFile; fileRef = 1DC7506D1B68A8C200366AA9 /* XJDataListViewController.m */; };
		1DC750701B68A8C200366AA9 /* XJDataListViewController.xib in Resources */ = {isa = PBXBuildFile; fileRef = 1DC7506E1B68A8C200366AA9 /* XJDataListViewController.xib */; };
		1DC750771B68DC8B00366AA9 /* XJCoreData.m in Sources */ = {isa = PBXBuildFile; fileRef = 1DC750761B68DC8B00366AA9 /* XJCoreData.m */; };
		1DC7507A1B68DDBC00366AA9 /* XJCoreData.xcdatamodeld in Sources */ = {isa = PBXBuildFile; fileRef = 1DC750781B68DDBC00366AA9 /* XJCoreData.xcdatamodeld */; };
		1DC7507D1B68DEE100366AA9 /* XJBaseViewController.m in Sources */ = {isa = PBXBuildFile; fileRef = 1DC7507C1B68DEE100366AA9 /* XJBaseViewController.m */; };
		1DC750811B68DF0900366AA9 /* XJAddDataViewController.m in Sources */ = {isa = PBXBuildFile; fileRef = 1DC7507F1B68DF0900366AA9 /* XJAddDataViewController.m */; };
		1DC750821B68DF0900366AA9 /* XJAddDataViewController.xib in Resources */ = {isa = PBXBuildFile; fileRef = 1DC750801B68DF0900366AA9 /* XJAddDataViewController.xib */; };
		1DF231441B69BB85004AAAE7 /* XJDataSource.m in Sources */ = {isa = PBXBuildFile; fileRef = 1DF231431B69BB85004AAAE7 /* XJDataSource.m */; };
		1DF231541B69C077004AAAE7 /* UserInfo.m in Sources */ = {isa = PBXBuildFile; fileRef = 1DF231531B69C077004AAAE7 /* UserInfo.m */; };
		1DF231571B69C078004AAAE7 /* UserDetailInfo.m in Sources */ = {isa = PBXBuildFile; fileRef = 1DF231561B69C078004AAAE7 /* UserDetailInfo.m */; };
		1DF2315A1B69CB78004AAAE7 /* XJBaseModel.m in Sources */ = {isa = PBXBuildFile; fileRef = 1DF231591B69CB78004AAAE7 /* XJBaseModel.m */; };
		1DF2315E1B69D74C004AAAE7 /* XJDataDetailViewController.m in Sources */ = {isa = PBXBuildFile; fileRef = 1DF2315C1B69D74C004AAAE7 /* XJDataDetailViewController.m */; };
		1DF2315F1B69D74C004AAAE7 /* XJDataDetailViewController.xib in Resources */ = {isa = PBXBuildFile; fileRef = 1DF2315D1B69D74C004AAAE7 /* XJDataDetailViewController.xib */; };
		1DFD9F501B7053CC00341099 /* XJActionSheet.m in Sources */ = {isa = PBXBuildFile; fileRef = 1DFD9F4F1B7053CC00341099 /* XJActionSheet.m */; };
		1DFD9F871B70671B00341099 /* XJActionSheetViewController.m in Sources */ = {isa = PBXBuildFile; fileRef = 1DFD9F851B70671B00341099 /* XJActionSheetViewController.m */; };
		1DFD9F881B70671B00341099 /* XJActionSheetViewController.xib in Resources */ = {isa = PBXBuildFile; fileRef = 1DFD9F861B70671B00341099 /* XJActionSheetViewController.xib */; };
		1DFD9F8C1B706AE500341099 /* DebugTools.m in Sources */ = {isa = PBXBuildFile; fileRef = 1DFD9F8B1B706AE500341099 /* DebugTools.m */; };
		1DFD9F991B71F2CB00341099 /* XJSearchBarViewController.m in Sources */ = {isa = PBXBuildFile; fileRef = 1DFD9F971B71F2CB00341099 /* XJSearchBarViewController.m */; };
		1DFD9F9E1B71F31100341099 /* XJSearchBar.m in Sources */ = {isa = PBXBuildFile; fileRef = 1DFD9F9D1B71F31100341099 /* XJSearchBar.m */; };
		1DFD9FA01B72260200341099 /* search_icon@2x.png in Resources */ = {isa = PBXBuildFile; fileRef = 1DFD9F9F1B72260200341099 /* search_icon@2x.png */; };
		1DFD9FA21B72260700341099 /* search_icon@3x.png in Resources */ = {isa = PBXBuildFile; fileRef = 1DFD9FA11B72260700341099 /* search_icon@3x.png */; };
		1DFD9FB51B744F9200341099 /* XJPickerViewController.m in Sources */ = {isa = PBXBuildFile; fileRef = 1DFD9FB31B744F9200341099 /* XJPickerViewController.m */; };
		1DFD9FB61B744F9200341099 /* XJPickerViewController.xib in Resources */ = {isa = PBXBuildFile; fileRef = 1DFD9FB41B744F9200341099 /* XJPickerViewController.xib */; };
		1DFD9FBD1B7487C700341099 /* XJSinglePickerView.m in Sources */ = {isa = PBXBuildFile; fileRef = 1DFD9FBC1B7487C700341099 /* XJSinglePickerView.m */; };
		1DFD9FC41B7492E700341099 /* XJSearchDisplayViewController.m in Sources */ = {isa = PBXBuildFile; fileRef = 1DFD9FC21B7492E700341099 /* XJSearchDisplayViewController.m */; };
		1DFD9FC51B7492E700341099 /* XJSearchDisplayViewController.xib in Resources */ = {isa = PBXBuildFile; fileRef = 1DFD9FC31B7492E700341099 /* XJSearchDisplayViewController.xib */; };
		1DFD9FC91B7493B600341099 /* XJSearchViewController.m in Sources */ = {isa = PBXBuildFile; fileRef = 1DFD9FC71B7493B600341099 /* XJSearchViewController.m */; };
		1DFD9FCA1B7493B600341099 /* XJSearchViewController.xib in Resources */ = {isa = PBXBuildFile; fileRef = 1DFD9FC81B7493B600341099 /* XJSearchViewController.xib */; };
		CE9C54420F80C5D25354BB61 /* libPods-XJStudyDemo.a in Frameworks */ = {isa = PBXBuildFile; fileRef = CE28DFA7B54EE371AD4FC25E /* libPods-XJStudyDemo.a */; };
/* End PBXBuildFile section */

/* Begin PBXContainerItemProxy section */
		1D7E8A531B678A74005491F0 /* PBXContainerItemProxy */ = {
			isa = PBXContainerItemProxy;
			containerPortal = 1D7E8A311B678A73005491F0 /* Project object */;
			proxyType = 1;
			remoteGlobalIDString = 1D7E8A381B678A73005491F0;
			remoteInfo = XJStudyDemo;
		};
/* End PBXContainerItemProxy section */

/* Begin PBXFileReference section */
		1D7E8A391B678A73005491F0 /* XJStudyDemo.app */ = {isa = PBXFileReference; explicitFileType = wrapper.application; includeInIndex = 0; path = XJStudyDemo.app; sourceTree = BUILT_PRODUCTS_DIR; };
		1D7E8A3D1B678A73005491F0 /* Info.plist */ = {isa = PBXFileReference; lastKnownFileType = text.plist.xml; path = Info.plist; sourceTree = "<group>"; };
		1D7E8A3E1B678A73005491F0 /* main.m */ = {isa = PBXFileReference; lastKnownFileType = sourcecode.c.objc; path = main.m; sourceTree = "<group>"; };
		1D7E8A401B678A73005491F0 /* AppDelegate.h */ = {isa = PBXFileReference; lastKnownFileType = sourcecode.c.h; path = AppDelegate.h; sourceTree = "<group>"; };
		1D7E8A411B678A73005491F0 /* AppDelegate.m */ = {isa = PBXFileReference; lastKnownFileType = sourcecode.c.objc; path = AppDelegate.m; sourceTree = "<group>"; };
		1D7E8A471B678A73005491F0 /* Base */ = {isa = PBXFileReference; lastKnownFileType = file.storyboard; name = Base; path = Base.lproj/Main.storyboard; sourceTree = "<group>"; };
		1D7E8A491B678A73005491F0 /* Images.xcassets */ = {isa = PBXFileReference; lastKnownFileType = folder.assetcatalog; path = Images.xcassets; sourceTree = "<group>"; };
		1D7E8A4C1B678A73005491F0 /* Base */ = {isa = PBXFileReference; lastKnownFileType = file.xib; name = Base; path = Base.lproj/LaunchScreen.xib; sourceTree = "<group>"; };
		1D7E8A521B678A74005491F0 /* XJStudyDemoTests.xctest */ = {isa = PBXFileReference; explicitFileType = wrapper.cfbundle; includeInIndex = 0; path = XJStudyDemoTests.xctest; sourceTree = BUILT_PRODUCTS_DIR; };
		1D7E8A571B678A74005491F0 /* Info.plist */ = {isa = PBXFileReference; lastKnownFileType = text.plist.xml; path = Info.plist; sourceTree = "<group>"; };
		1D7E8A581B678A74005491F0 /* XJStudyDemoTests.m */ = {isa = PBXFileReference; lastKnownFileType = sourcecode.c.objc; path = XJStudyDemoTests.m; sourceTree = "<group>"; };
		1D7E8A621B678BAB005491F0 /* XJRootViewController.h */ = {isa = PBXFileReference; fileEncoding = 4; lastKnownFileType = sourcecode.c.h; path = XJRootViewController.h; sourceTree = "<group>"; };
		1D7E8A631B678BAB005491F0 /* XJRootViewController.m */ = {isa = PBXFileReference; fileEncoding = 4; lastKnownFileType = sourcecode.c.objc; path = XJRootViewController.m; sourceTree = "<group>"; };
		1DC7506C1B68A8C200366AA9 /* XJDataListViewController.h */ = {isa = PBXFileReference; fileEncoding = 4; lastKnownFileType = sourcecode.c.h; path = XJDataListViewController.h; sourceTree = "<group>"; };
		1DC7506D1B68A8C200366AA9 /* XJDataListViewController.m */ = {isa = PBXFileReference; fileEncoding = 4; lastKnownFileType = sourcecode.c.objc; path = XJDataListViewController.m; sourceTree = "<group>"; };
		1DC7506E1B68A8C200366AA9 /* XJDataListViewController.xib */ = {isa = PBXFileReference; fileEncoding = 4; lastKnownFileType = file.xib; path = XJDataListViewController.xib; sourceTree = "<group>"; };
		1DC750751B68DC8B00366AA9 /* XJCoreData.h */ = {isa = PBXFileReference; fileEncoding = 4; lastKnownFileType = sourcecode.c.h; path = XJCoreData.h; sourceTree = "<group>"; };
		1DC750761B68DC8B00366AA9 /* XJCoreData.m */ = {isa = PBXFileReference; fileEncoding = 4; lastKnownFileType = sourcecode.c.objc; path = XJCoreData.m; sourceTree = "<group>"; };
		1DC750791B68DDBC00366AA9 /* XJCoreData.xcdatamodel */ = {isa = PBXFileReference; lastKnownFileType = wrapper.xcdatamodel; path = XJCoreData.xcdatamodel; sourceTree = "<group>"; };
		1DC7507B1B68DEE100366AA9 /* XJBaseViewController.h */ = {isa = PBXFileReference; fileEncoding = 4; lastKnownFileType = sourcecode.c.h; path = XJBaseViewController.h; sourceTree = "<group>"; };
		1DC7507C1B68DEE100366AA9 /* XJBaseViewController.m */ = {isa = PBXFileReference; fileEncoding = 4; lastKnownFileType = sourcecode.c.objc; path = XJBaseViewController.m; sourceTree = "<group>"; };
		1DC7507E1B68DF0900366AA9 /* XJAddDataViewController.h */ = {isa = PBXFileReference; fileEncoding = 4; lastKnownFileType = sourcecode.c.h; path = XJAddDataViewController.h; sourceTree = "<group>"; };
		1DC7507F1B68DF0900366AA9 /* XJAddDataViewController.m */ = {isa = PBXFileReference; fileEncoding = 4; lastKnownFileType = sourcecode.c.objc; path = XJAddDataViewController.m; sourceTree = "<group>"; };
		1DC750801B68DF0900366AA9 /* XJAddDataViewController.xib */ = {isa = PBXFileReference; fileEncoding = 4; lastKnownFileType = file.xib; path = XJAddDataViewController.xib; sourceTree = "<group>"; };
		1DF231421B69BB85004AAAE7 /* XJDataSource.h */ = {isa = PBXFileReference; fileEncoding = 4; lastKnownFileType = sourcecode.c.h; path = XJDataSource.h; sourceTree = "<group>"; };
		1DF231431B69BB85004AAAE7 /* XJDataSource.m */ = {isa = PBXFileReference; fileEncoding = 4; lastKnownFileType = sourcecode.c.objc; path = XJDataSource.m; sourceTree = "<group>"; };
		1DF231521B69C077004AAAE7 /* UserInfo.h */ = {isa = PBXFileReference; fileEncoding = 4; lastKnownFileType = sourcecode.c.h; path = UserInfo.h; sourceTree = "<group>"; };
		1DF231531B69C077004AAAE7 /* UserInfo.m */ = {isa = PBXFileReference; fileEncoding = 4; lastKnownFileType = sourcecode.c.objc; path = UserInfo.m; sourceTree = "<group>"; };
		1DF231551B69C078004AAAE7 /* UserDetailInfo.h */ = {isa = PBXFileReference; fileEncoding = 4; lastKnownFileType = sourcecode.c.h; path = UserDetailInfo.h; sourceTree = "<group>"; };
		1DF231561B69C078004AAAE7 /* UserDetailInfo.m */ = {isa = PBXFileReference; fileEncoding = 4; lastKnownFileType = sourcecode.c.objc; path = UserDetailInfo.m; sourceTree = "<group>"; };
		1DF231581B69CB78004AAAE7 /* XJBaseModel.h */ = {isa = PBXFileReference; fileEncoding = 4; lastKnownFileType = sourcecode.c.h; path = XJBaseModel.h; sourceTree = "<group>"; };
		1DF231591B69CB78004AAAE7 /* XJBaseModel.m */ = {isa = PBXFileReference; fileEncoding = 4; lastKnownFileType = sourcecode.c.objc; path = XJBaseModel.m; sourceTree = "<group>"; };
		1DF2315B1B69D74C004AAAE7 /* XJDataDetailViewController.h */ = {isa = PBXFileReference; fileEncoding = 4; lastKnownFileType = sourcecode.c.h; path = XJDataDetailViewController.h; sourceTree = "<group>"; };
		1DF2315C1B69D74C004AAAE7 /* XJDataDetailViewController.m */ = {isa = PBXFileReference; fileEncoding = 4; lastKnownFileType = sourcecode.c.objc; path = XJDataDetailViewController.m; sourceTree = "<group>"; };
		1DF2315D1B69D74C004AAAE7 /* XJDataDetailViewController.xib */ = {isa = PBXFileReference; fileEncoding = 4; lastKnownFileType = file.xib; path = XJDataDetailViewController.xib; sourceTree = "<group>"; };
		1DFD9F4E1B7053CC00341099 /* XJActionSheet.h */ = {isa = PBXFileReference; fileEncoding = 4; lastKnownFileType = sourcecode.c.h; path = XJActionSheet.h; sourceTree = "<group>"; };
		1DFD9F4F1B7053CC00341099 /* XJActionSheet.m */ = {isa = PBXFileReference; fileEncoding = 4; lastKnownFileType = sourcecode.c.objc; path = XJActionSheet.m; sourceTree = "<group>"; };
		1DFD9F841B70671B00341099 /* XJActionSheetViewController.h */ = {isa = PBXFileReference; fileEncoding = 4; lastKnownFileType = sourcecode.c.h; path = XJActionSheetViewController.h; sourceTree = "<group>"; };
		1DFD9F851B70671B00341099 /* XJActionSheetViewController.m */ = {isa = PBXFileReference; fileEncoding = 4; lastKnownFileType = sourcecode.c.objc; path = XJActionSheetViewController.m; sourceTree = "<group>"; };
		1DFD9F861B70671B00341099 /* XJActionSheetViewController.xib */ = {isa = PBXFileReference; fileEncoding = 4; lastKnownFileType = file.xib; path = XJActionSheetViewController.xib; sourceTree = "<group>"; };
		1DFD9F8A1B706AE500341099 /* DebugTools.h */ = {isa = PBXFileReference; fileEncoding = 4; lastKnownFileType = sourcecode.c.h; path = DebugTools.h; sourceTree = "<group>"; };
		1DFD9F8B1B706AE500341099 /* DebugTools.m */ = {isa = PBXFileReference; fileEncoding = 4; lastKnownFileType = sourcecode.c.objc; path = DebugTools.m; sourceTree = "<group>"; };
		1DFD9F961B71F2CB00341099 /* XJSearchBarViewController.h */ = {isa = PBXFileReference; fileEncoding = 4; lastKnownFileType = sourcecode.c.h; path = XJSearchBarViewController.h; sourceTree = "<group>"; };
		1DFD9F971B71F2CB00341099 /* XJSearchBarViewController.m */ = {isa = PBXFileReference; fileEncoding = 4; lastKnownFileType = sourcecode.c.objc; path = XJSearchBarViewController.m; sourceTree = "<group>"; };
		1DFD9F9C1B71F31100341099 /* XJSearchBar.h */ = {isa = PBXFileReference; fileEncoding = 4; lastKnownFileType = sourcecode.c.h; path = XJSearchBar.h; sourceTree = "<group>"; };
		1DFD9F9D1B71F31100341099 /* XJSearchBar.m */ = {isa = PBXFileReference; fileEncoding = 4; lastKnownFileType = sourcecode.c.objc; path = XJSearchBar.m; sourceTree = "<group>"; };
		1DFD9F9F1B72260200341099 /* search_icon@2x.png */ = {isa = PBXFileReference; lastKnownFileType = image.png; path = "search_icon@2x.png"; sourceTree = "<group>"; };
		1DFD9FA11B72260700341099 /* search_icon@3x.png */ = {isa = PBXFileReference; lastKnownFileType = image.png; path = "search_icon@3x.png"; sourceTree = "<group>"; };
		1DFD9FB21B744F9200341099 /* XJPickerViewController.h */ = {isa = PBXFileReference; fileEncoding = 4; lastKnownFileType = sourcecode.c.h; path = XJPickerViewController.h; sourceTree = "<group>"; };
		1DFD9FB31B744F9200341099 /* XJPickerViewController.m */ = {isa = PBXFileReference; fileEncoding = 4; lastKnownFileType = sourcecode.c.objc; path = XJPickerViewController.m; sourceTree = "<group>"; };
		1DFD9FB41B744F9200341099 /* XJPickerViewController.xib */ = {isa = PBXFileReference; fileEncoding = 4; lastKnownFileType = file.xib; path = XJPickerViewController.xib; sourceTree = "<group>"; };
		1DFD9FBB1B7487C700341099 /* XJSinglePickerView.h */ = {isa = PBXFileReference; fileEncoding = 4; lastKnownFileType = sourcecode.c.h; path = XJSinglePickerView.h; sourceTree = "<group>"; };
		1DFD9FBC1B7487C700341099 /* XJSinglePickerView.m */ = {isa = PBXFileReference; fileEncoding = 4; lastKnownFileType = sourcecode.c.objc; path = XJSinglePickerView.m; sourceTree = "<group>"; };
		1DFD9FC11B7492E700341099 /* XJSearchDisplayViewController.h */ = {isa = PBXFileReference; fileEncoding = 4; lastKnownFileType = sourcecode.c.h; path = XJSearchDisplayViewController.h; sourceTree = "<group>"; };
		1DFD9FC21B7492E700341099 /* XJSearchDisplayViewController.m */ = {isa = PBXFileReference; fileEncoding = 4; lastKnownFileType = sourcecode.c.objc; path = XJSearchDisplayViewController.m; sourceTree = "<group>"; };
		1DFD9FC31B7492E700341099 /* XJSearchDisplayViewController.xib */ = {isa = PBXFileReference; fileEncoding = 4; lastKnownFileType = file.xib; path = XJSearchDisplayViewController.xib; sourceTree = "<group>"; };
		1DFD9FC61B7493B600341099 /* XJSearchViewController.h */ = {isa = PBXFileReference; fileEncoding = 4; lastKnownFileType = sourcecode.c.h; path = XJSearchViewController.h; sourceTree = "<group>"; };
		1DFD9FC71B7493B600341099 /* XJSearchViewController.m */ = {isa = PBXFileReference; fileEncoding = 4; lastKnownFileType = sourcecode.c.objc; path = XJSearchViewController.m; sourceTree = "<group>"; };
		1DFD9FC81B7493B600341099 /* XJSearchViewController.xib */ = {isa = PBXFileReference; fileEncoding = 4; lastKnownFileType = file.xib; path = XJSearchViewController.xib; sourceTree = "<group>"; };
		AD541EDD705B925D34641954 /* Pods-XJStudyDemo.release.xcconfig */ = {isa = PBXFileReference; includeInIndex = 1; lastKnownFileType = text.xcconfig; name = "Pods-XJStudyDemo.release.xcconfig"; path = "Pods/Target Support Files/Pods-XJStudyDemo/Pods-XJStudyDemo.release.xcconfig"; sourceTree = "<group>"; };
		B2D270E724424CAFF15269F8 /* Pods-XJStudyDemo.debug.xcconfig */ = {isa = PBXFileReference; includeInIndex = 1; lastKnownFileType = text.xcconfig; name = "Pods-XJStudyDemo.debug.xcconfig"; path = "Pods/Target Support Files/Pods-XJStudyDemo/Pods-XJStudyDemo.debug.xcconfig"; sourceTree = "<group>"; };
		CE28DFA7B54EE371AD4FC25E /* libPods-XJStudyDemo.a */ = {isa = PBXFileReference; explicitFileType = archive.ar; includeInIndex = 0; path = "libPods-XJStudyDemo.a"; sourceTree = BUILT_PRODUCTS_DIR; };
/* End PBXFileReference section */

/* Begin PBXFrameworksBuildPhase section */
		1D7E8A361B678A73005491F0 /* Frameworks */ = {
			isa = PBXFrameworksBuildPhase;
			buildActionMask = 2147483647;
			files = (
				CE9C54420F80C5D25354BB61 /* libPods-XJStudyDemo.a in Frameworks */,
			);
			runOnlyForDeploymentPostprocessing = 0;
		};
		1D7E8A4F1B678A74005491F0 /* Frameworks */ = {
			isa = PBXFrameworksBuildPhase;
			buildActionMask = 2147483647;
			files = (
			);
			runOnlyForDeploymentPostprocessing = 0;
		};
/* End PBXFrameworksBuildPhase section */

/* Begin PBXGroup section */
		1D7E8A301B678A73005491F0 = {
			isa = PBXGroup;
			children = (
				1D7E8A3B1B678A73005491F0 /* XJStudyDemo */,
				1D7E8A551B678A74005491F0 /* XJStudyDemoTests */,
				1D7E8A3A1B678A73005491F0 /* Products */,
				AD906C2EA9021719C7CE9254 /* Pods */,
				6420339544B2BAB1B9533C2C /* Frameworks */,
			);
			sourceTree = "<group>";
		};
		1D7E8A3A1B678A73005491F0 /* Products */ = {
			isa = PBXGroup;
			children = (
				1D7E8A391B678A73005491F0 /* XJStudyDemo.app */,
				1D7E8A521B678A74005491F0 /* XJStudyDemoTests.xctest */,
			);
			name = Products;
			sourceTree = "<group>";
		};
		1D7E8A3B1B678A73005491F0 /* XJStudyDemo */ = {
			isa = PBXGroup;
			children = (
				1DFD9FAE1B744AFE00341099 /* PickerView */,
				1DFD9F951B71F26700341099 /* SearchBarAndController */,
				1DFD9F8D1B70C18700341099 /* UITableViewDemo */,
				1DFD9F891B706AC500341099 /* Tools */,
				1DFD9F481B70528900341099 /* ActionSheet */,
				1DC750661B68A75000366AA9 /* CoreDataDemo */,
				1D7E8A401B678A73005491F0 /* AppDelegate.h */,
				1D7E8A411B678A73005491F0 /* AppDelegate.m */,
				1DC7507B1B68DEE100366AA9 /* XJBaseViewController.h */,
				1DC7507C1B68DEE100366AA9 /* XJBaseViewController.m */,
				1D7E8A621B678BAB005491F0 /* XJRootViewController.h */,
				1D7E8A631B678BAB005491F0 /* XJRootViewController.m */,
				1D7E8A461B678A73005491F0 /* Main.storyboard */,
				1D7E8A491B678A73005491F0 /* Images.xcassets */,
				1D7E8A4B1B678A73005491F0 /* LaunchScreen.xib */,
				1D7E8A3C1B678A73005491F0 /* Supporting Files */,
			);
			path = XJStudyDemo;
			sourceTree = "<group>";
		};
		1D7E8A3C1B678A73005491F0 /* Supporting Files */ = {
			isa = PBXGroup;
			children = (
				1D7E8A3D1B678A73005491F0 /* Info.plist */,
				1D7E8A3E1B678A73005491F0 /* main.m */,
			);
			name = "Supporting Files";
			sourceTree = "<group>";
		};
		1D7E8A551B678A74005491F0 /* XJStudyDemoTests */ = {
			isa = PBXGroup;
			children = (
				1D7E8A581B678A74005491F0 /* XJStudyDemoTests.m */,
				1D7E8A561B678A74005491F0 /* Supporting Files */,
			);
			path = XJStudyDemoTests;
			sourceTree = "<group>";
		};
		1D7E8A561B678A74005491F0 /* Supporting Files */ = {
			isa = PBXGroup;
			children = (
				1D7E8A571B678A74005491F0 /* Info.plist */,
			);
			name = "Supporting Files";
			sourceTree = "<group>";
		};
		1DC750661B68A75000366AA9 /* CoreDataDemo */ = {
			isa = PBXGroup;
			children = (
				1DF231451B69BDD8004AAAE7 /* Models */,
				1DC750741B68DC4D00366AA9 /* XJCoreData */,
				1DC7506C1B68A8C200366AA9 /* XJDataListViewController.h */,
				1DC7506D1B68A8C200366AA9 /* XJDataListViewController.m */,
				1DC7506E1B68A8C200366AA9 /* XJDataListViewController.xib */,
				1DC7507E1B68DF0900366AA9 /* XJAddDataViewController.h */,
				1DC7507F1B68DF0900366AA9 /* XJAddDataViewController.m */,
				1DC750801B68DF0900366AA9 /* XJAddDataViewController.xib */,
				1DF2315B1B69D74C004AAAE7 /* XJDataDetailViewController.h */,
				1DF2315C1B69D74C004AAAE7 /* XJDataDetailViewController.m */,
				1DF2315D1B69D74C004AAAE7 /* XJDataDetailViewController.xib */,
			);
			path = CoreDataDemo;
			sourceTree = "<group>";
		};
		1DC750741B68DC4D00366AA9 /* XJCoreData */ = {
			isa = PBXGroup;
			children = (
				1DC750751B68DC8B00366AA9 /* XJCoreData.h */,
				1DC750761B68DC8B00366AA9 /* XJCoreData.m */,
				1DF231581B69CB78004AAAE7 /* XJBaseModel.h */,
				1DF231591B69CB78004AAAE7 /* XJBaseModel.m */,
				1DF231421B69BB85004AAAE7 /* XJDataSource.h */,
				1DF231431B69BB85004AAAE7 /* XJDataSource.m */,
				1DC750781B68DDBC00366AA9 /* XJCoreData.xcdatamodeld */,
			);
			path = XJCoreData;
			sourceTree = "<group>";
		};
		1DF231451B69BDD8004AAAE7 /* Models */ = {
			isa = PBXGroup;
			children = (
				1DF231551B69C078004AAAE7 /* UserDetailInfo.h */,
				1DF231561B69C078004AAAE7 /* UserDetailInfo.m */,
				1DF231521B69C077004AAAE7 /* UserInfo.h */,
				1DF231531B69C077004AAAE7 /* UserInfo.m */,
			);
			path = Models;
			sourceTree = "<group>";
		};
		1DFD9F481B70528900341099 /* ActionSheet */ = {
			isa = PBXGroup;
			children = (
				1DFD9F4E1B7053CC00341099 /* XJActionSheet.h */,
				1DFD9F4F1B7053CC00341099 /* XJActionSheet.m */,
				1DFD9F841B70671B00341099 /* XJActionSheetViewController.h */,
				1DFD9F851B70671B00341099 /* XJActionSheetViewController.m */,
				1DFD9F861B70671B00341099 /* XJActionSheetViewController.xib */,
			);
			path = ActionSheet;
			sourceTree = "<group>";
		};
		1DFD9F891B706AC500341099 /* Tools */ = {
			isa = PBXGroup;
			children = (
				1DFD9F8A1B706AE500341099 /* DebugTools.h */,
				1DFD9F8B1B706AE500341099 /* DebugTools.m */,
			);
			path = Tools;
			sourceTree = "<group>";
		};
		1DFD9F8D1B70C18700341099 /* UITableViewDemo */ = {
			isa = PBXGroup;
			children = (
				1DFD9F8E1B70C1AC00341099 /* XJCustomCells */,
			);
			path = UITableViewDemo;
			sourceTree = "<group>";
		};
		1DFD9F8E1B70C1AC00341099 /* XJCustomCells */ = {
			isa = PBXGroup;
			children = (
			);
			path = XJCustomCells;
			sourceTree = "<group>";
		};
		1DFD9F951B71F26700341099 /* SearchBarAndController */ = {
			isa = PBXGroup;
			children = (
				1DFD9F9B1B71F2E200341099 /* XJSearchBar */,
				1DFD9F961B71F2CB00341099 /* XJSearchBarViewController.h */,
				1DFD9F971B71F2CB00341099 /* XJSearchBarViewController.m */,
				1DFD9FC11B7492E700341099 /* XJSearchDisplayViewController.h */,
				1DFD9FC21B7492E700341099 /* XJSearchDisplayViewController.m */,
				1DFD9FC31B7492E700341099 /* XJSearchDisplayViewController.xib */,
				1DFD9FC61B7493B600341099 /* XJSearchViewController.h */,
				1DFD9FC71B7493B600341099 /* XJSearchViewController.m */,
				1DFD9FC81B7493B600341099 /* XJSearchViewController.xib */,
			);
			path = SearchBarAndController;
			sourceTree = "<group>";
		};
		1DFD9F9B1B71F2E200341099 /* XJSearchBar */ = {
			isa = PBXGroup;
			children = (
				1DFD9FA11B72260700341099 /* search_icon@3x.png */,
				1DFD9F9F1B72260200341099 /* search_icon@2x.png */,
				1DFD9F9C1B71F31100341099 /* XJSearchBar.h */,
				1DFD9F9D1B71F31100341099 /* XJSearchBar.m */,
			);
			path = XJSearchBar;
			sourceTree = "<group>";
		};
		1DFD9FAE1B744AFE00341099 /* PickerView */ = {
			isa = PBXGroup;
			children = (
				1DFD9FBB1B7487C700341099 /* XJSinglePickerView.h */,
				1DFD9FBC1B7487C700341099 /* XJSinglePickerView.m */,
				1DFD9FB21B744F9200341099 /* XJPickerViewController.h */,
				1DFD9FB31B744F9200341099 /* XJPickerViewController.m */,
				1DFD9FB41B744F9200341099 /* XJPickerViewController.xib */,
			);
			path = PickerView;
			sourceTree = "<group>";
		};
		6420339544B2BAB1B9533C2C /* Frameworks */ = {
			isa = PBXGroup;
			children = (
				CE28DFA7B54EE371AD4FC25E /* libPods-XJStudyDemo.a */,
			);
			name = Frameworks;
			sourceTree = "<group>";
		};
		AD906C2EA9021719C7CE9254 /* Pods */ = {
			isa = PBXGroup;
			children = (
				B2D270E724424CAFF15269F8 /* Pods-XJStudyDemo.debug.xcconfig */,
				AD541EDD705B925D34641954 /* Pods-XJStudyDemo.release.xcconfig */,
			);
			name = Pods;
			sourceTree = "<group>";
		};
/* End PBXGroup section */

/* Begin PBXNativeTarget section */
		1D7E8A381B678A73005491F0 /* XJStudyDemo */ = {
			isa = PBXNativeTarget;
			buildConfigurationList = 1D7E8A5C1B678A74005491F0 /* Build configuration list for PBXNativeTarget "XJStudyDemo" */;
			buildPhases = (
				15C363ADE15FB9DA089DE1E0 /* Check Pods Manifest.lock */,
				1D7E8A351B678A73005491F0 /* Sources */,
				1D7E8A361B678A73005491F0 /* Frameworks */,
				1D7E8A371B678A73005491F0 /* Resources */,
				1E1AF54D650CDD8A82B3A7CC /* Copy Pods Resources */,
			);
			buildRules = (
			);
			dependencies = (
			);
			name = XJStudyDemo;
			productName = XJStudyDemo;
			productReference = 1D7E8A391B678A73005491F0 /* XJStudyDemo.app */;
			productType = "com.apple.product-type.application";
		};
		1D7E8A511B678A74005491F0 /* XJStudyDemoTests */ = {
			isa = PBXNativeTarget;
			buildConfigurationList = 1D7E8A5F1B678A74005491F0 /* Build configuration list for PBXNativeTarget "XJStudyDemoTests" */;
			buildPhases = (
				1D7E8A4E1B678A74005491F0 /* Sources */,
				1D7E8A4F1B678A74005491F0 /* Frameworks */,
				1D7E8A501B678A74005491F0 /* Resources */,
			);
			buildRules = (
			);
			dependencies = (
				1D7E8A541B678A74005491F0 /* PBXTargetDependency */,
			);
			name = XJStudyDemoTests;
			productName = XJStudyDemoTests;
			productReference = 1D7E8A521B678A74005491F0 /* XJStudyDemoTests.xctest */;
			productType = "com.apple.product-type.bundle.unit-test";
		};
/* End PBXNativeTarget section */

/* Begin PBXProject section */
		1D7E8A311B678A73005491F0 /* Project object */ = {
			isa = PBXProject;
			attributes = {
				CLASSPREFIX = XJ;
				LastUpgradeCheck = 0640;
				ORGANIZATIONNAME = "刘向晶";
				TargetAttributes = {
					1D7E8A381B678A73005491F0 = {
						CreatedOnToolsVersion = 6.4;
					};
					1D7E8A511B678A74005491F0 = {
						CreatedOnToolsVersion = 6.4;
						TestTargetID = 1D7E8A381B678A73005491F0;
					};
				};
			};
			buildConfigurationList = 1D7E8A341B678A73005491F0 /* Build configuration list for PBXProject "XJStudyDemo" */;
			compatibilityVersion = "Xcode 3.2";
			developmentRegion = English;
			hasScannedForEncodings = 0;
			knownRegions = (
				en,
				Base,
			);
			mainGroup = 1D7E8A301B678A73005491F0;
			productRefGroup = 1D7E8A3A1B678A73005491F0 /* Products */;
			projectDirPath = "";
			projectRoot = "";
			targets = (
				1D7E8A381B678A73005491F0 /* XJStudyDemo */,
				1D7E8A511B678A74005491F0 /* XJStudyDemoTests */,
			);
		};
/* End PBXProject section */

/* Begin PBXResourcesBuildPhase section */
		1D7E8A371B678A73005491F0 /* Resources */ = {
			isa = PBXResourcesBuildPhase;
			buildActionMask = 2147483647;
			files = (
				1DFD9FC51B7492E700341099 /* XJSearchDisplayViewController.xib in Resources */,
				1DFD9FB61B744F9200341099 /* XJPickerViewController.xib in Resources */,
				1DFD9F881B70671B00341099 /* XJActionSheetViewController.xib in Resources */,
				1DC750701B68A8C200366AA9 /* XJDataListViewController.xib in Resources */,
				1D7E8A481B678A73005491F0 /* Main.storyboard in Resources */,
				1D7E8A4D1B678A73005491F0 /* LaunchScreen.xib in Resources */,
				1DFD9FCA1B7493B600341099 /* XJSearchViewController.xib in Resources */,
				1D7E8A4A1B678A73005491F0 /* Images.xcassets in Resources */,
				1DFD9FA01B72260200341099 /* search_icon@2x.png in Resources */,
				1DC750821B68DF0900366AA9 /* XJAddDataViewController.xib in Resources */,
				1DFD9FA21B72260700341099 /* search_icon@3x.png in Resources */,
				1DF2315F1B69D74C004AAAE7 /* XJDataDetailViewController.xib in Resources */,
			);
			runOnlyForDeploymentPostprocessing = 0;
		};
		1D7E8A501B678A74005491F0 /* Resources */ = {
			isa = PBXResourcesBuildPhase;
			buildActionMask = 2147483647;
			files = (
			);
			runOnlyForDeploymentPostprocessing = 0;
		};
/* End PBXResourcesBuildPhase section */

/* Begin PBXShellScriptBuildPhase section */
		15C363ADE15FB9DA089DE1E0 /* Check Pods Manifest.lock */ = {
			isa = PBXShellScriptBuildPhase;
			buildActionMask = 2147483647;
			files = (
			);
			inputPaths = (
			);
			name = "Check Pods Manifest.lock";
			outputPaths = (
			);
			runOnlyForDeploymentPostprocessing = 0;
			shellPath = /bin/sh;
			shellScript = "diff \"${PODS_ROOT}/../Podfile.lock\" \"${PODS_ROOT}/Manifest.lock\" > /dev/null\nif [[ $? != 0 ]] ; then\n    cat << EOM\nerror: The sandbox is not in sync with the Podfile.lock. Run 'pod install' or update your CocoaPods installation.\nEOM\n    exit 1\nfi\n";
			showEnvVarsInLog = 0;
		};
		1E1AF54D650CDD8A82B3A7CC /* Copy Pods Resources */ = {
			isa = PBXShellScriptBuildPhase;
			buildActionMask = 2147483647;
			files = (
			);
			inputPaths = (
			);
			name = "Copy Pods Resources";
			outputPaths = (
			);
			runOnlyForDeploymentPostprocessing = 0;
			shellPath = /bin/sh;
			shellScript = "\"${SRCROOT}/Pods/Target Support Files/Pods-XJStudyDemo/Pods-XJStudyDemo-resources.sh\"\n";
			showEnvVarsInLog = 0;
		};
/* End PBXShellScriptBuildPhase section */

/* Begin PBXSourcesBuildPhase section */
		1D7E8A351B678A73005491F0 /* Sources */ = {
			isa = PBXSourcesBuildPhase;
			buildActionMask = 2147483647;
			files = (
				1DFD9FBD1B7487C700341099 /* XJSinglePickerView.m in Sources */,
				1DFD9FC41B7492E700341099 /* XJSearchDisplayViewController.m in Sources */,
				1DC750811B68DF0900366AA9 /* XJAddDataViewController.m in Sources */,
				1DC7506F1B68A8C200366AA9 /* XJDataListViewController.m in Sources */,
				1DF2315E1B69D74C004AAAE7 /* XJDataDetailViewController.m in Sources */,
				1D7E8A421B678A73005491F0 /* AppDelegate.m in Sources */,
				1DC7507A1B68DDBC00366AA9 /* XJCoreData.xcdatamodeld in Sources */,
				1DFD9F9E1B71F31100341099 /* XJSearchBar.m in Sources */,
				1DFD9FB51B744F9200341099 /* XJPickerViewController.m in Sources */,
				1D7E8A3F1B678A73005491F0 /* main.m in Sources */,
				1DF231571B69C078004AAAE7 /* UserDetailInfo.m in Sources */,
				1DFD9F871B70671B00341099 /* XJActionSheetViewController.m in Sources */,
				1DC7507D1B68DEE100366AA9 /* XJBaseViewController.m in Sources */,
				1DFD9F991B71F2CB00341099 /* XJSearchBarViewController.m in Sources */,
				1DFD9FC91B7493B600341099 /* XJSearchViewController.m in Sources */,
				1D7E8A641B678BAB005491F0 /* XJRootViewController.m in Sources */,
				1DC750771B68DC8B00366AA9 /* XJCoreData.m in Sources */,
				1DF231541B69C077004AAAE7 /* UserInfo.m in Sources */,
				1DF2315A1B69CB78004AAAE7 /* XJBaseModel.m in Sources */,
				1DF231441B69BB85004AAAE7 /* XJDataSource.m in Sources */,
				1DFD9F501B7053CC00341099 /* XJActionSheet.m in Sources */,
				1DFD9F8C1B706AE500341099 /* DebugTools.m in Sources */,
			);
			runOnlyForDeploymentPostprocessing = 0;
		};
		1D7E8A4E1B678A74005491F0 /* Sources */ = {
			isa = PBXSourcesBuildPhase;
			buildActionMask = 2147483647;
			files = (
				1D7E8A591B678A74005491F0 /* XJStudyDemoTests.m in Sources */,
			);
			runOnlyForDeploymentPostprocessing = 0;
		};
/* End PBXSourcesBuildPhase section */

/* Begin PBXTargetDependency section */
		1D7E8A541B678A74005491F0 /* PBXTargetDependency */ = {
			isa = PBXTargetDependency;
			target = 1D7E8A381B678A73005491F0 /* XJStudyDemo */;
			targetProxy = 1D7E8A531B678A74005491F0 /* PBXContainerItemProxy */;
		};
/* End PBXTargetDependency section */

/* Begin PBXVariantGroup section */
		1D7E8A461B678A73005491F0 /* Main.storyboard */ = {
			isa = PBXVariantGroup;
			children = (
				1D7E8A471B678A73005491F0 /* Base */,
			);
			name = Main.storyboard;
			sourceTree = "<group>";
		};
		1D7E8A4B1B678A73005491F0 /* LaunchScreen.xib */ = {
			isa = PBXVariantGroup;
			children = (
				1D7E8A4C1B678A73005491F0 /* Base */,
			);
			name = LaunchScreen.xib;
			sourceTree = "<group>";
		};
/* End PBXVariantGroup section */

/* Begin XCBuildConfiguration section */
		1D7E8A5A1B678A74005491F0 /* Debug */ = {
			isa = XCBuildConfiguration;
			buildSettings = {
				ALWAYS_SEARCH_USER_PATHS = NO;
				CLANG_CXX_LANGUAGE_STANDARD = "gnu++0x";
				CLANG_CXX_LIBRARY = "libc++";
				CLANG_ENABLE_MODULES = YES;
				CLANG_ENABLE_OBJC_ARC = YES;
				CLANG_WARN_BOOL_CONVERSION = YES;
				CLANG_WARN_CONSTANT_CONVERSION = YES;
				CLANG_WARN_DIRECT_OBJC_ISA_USAGE = YES_ERROR;
				CLANG_WARN_EMPTY_BODY = YES;
				CLANG_WARN_ENUM_CONVERSION = YES;
				CLANG_WARN_INT_CONVERSION = YES;
				CLANG_WARN_OBJC_ROOT_CLASS = YES_ERROR;
				CLANG_WARN_UNREACHABLE_CODE = YES;
				CLANG_WARN__DUPLICATE_METHOD_MATCH = YES;
				"CODE_SIGN_IDENTITY[sdk=iphoneos*]" = "iPhone Developer";
				COPY_PHASE_STRIP = NO;
				DEBUG_INFORMATION_FORMAT = "dwarf-with-dsym";
				ENABLE_STRICT_OBJC_MSGSEND = YES;
				GCC_C_LANGUAGE_STANDARD = gnu99;
				GCC_DYNAMIC_NO_PIC = NO;
				GCC_NO_COMMON_BLOCKS = YES;
				GCC_OPTIMIZATION_LEVEL = 0;
				GCC_PREPROCESSOR_DEFINITIONS = (
					"DEBUG=1",
					"$(inherited)",
				);
				GCC_SYMBOLS_PRIVATE_EXTERN = NO;
				GCC_WARN_64_TO_32_BIT_CONVERSION = YES;
				GCC_WARN_ABOUT_RETURN_TYPE = YES_ERROR;
				GCC_WARN_UNDECLARED_SELECTOR = YES;
				GCC_WARN_UNINITIALIZED_AUTOS = YES_AGGRESSIVE;
				GCC_WARN_UNUSED_FUNCTION = YES;
				GCC_WARN_UNUSED_VARIABLE = YES;
				IPHONEOS_DEPLOYMENT_TARGET = 8.4;
				MTL_ENABLE_DEBUG_INFO = YES;
				ONLY_ACTIVE_ARCH = YES;
				SDKROOT = iphoneos;
				TARGETED_DEVICE_FAMILY = "1,2";
			};
			name = Debug;
		};
		1D7E8A5B1B678A74005491F0 /* Release */ = {
			isa = XCBuildConfiguration;
			buildSettings = {
				ALWAYS_SEARCH_USER_PATHS = NO;
				CLANG_CXX_LANGUAGE_STANDARD = "gnu++0x";
				CLANG_CXX_LIBRARY = "libc++";
				CLANG_ENABLE_MODULES = YES;
				CLANG_ENABLE_OBJC_ARC = YES;
				CLANG_WARN_BOOL_CONVERSION = YES;
				CLANG_WARN_CONSTANT_CONVERSION = YES;
				CLANG_WARN_DIRECT_OBJC_ISA_USAGE = YES_ERROR;
				CLANG_WARN_EMPTY_BODY = YES;
				CLANG_WARN_ENUM_CONVERSION = YES;
				CLANG_WARN_INT_CONVERSION = YES;
				CLANG_WARN_OBJC_ROOT_CLASS = YES_ERROR;
				CLANG_WARN_UNREACHABLE_CODE = YES;
				CLANG_WARN__DUPLICATE_METHOD_MATCH = YES;
				"CODE_SIGN_IDENTITY[sdk=iphoneos*]" = "iPhone Developer";
				COPY_PHASE_STRIP = NO;
				DEBUG_INFORMATION_FORMAT = "dwarf-with-dsym";
				ENABLE_NS_ASSERTIONS = NO;
				ENABLE_STRICT_OBJC_MSGSEND = YES;
				GCC_C_LANGUAGE_STANDARD = gnu99;
				GCC_NO_COMMON_BLOCKS = YES;
				GCC_WARN_64_TO_32_BIT_CONVERSION = YES;
				GCC_WARN_ABOUT_RETURN_TYPE = YES_ERROR;
				GCC_WARN_UNDECLARED_SELECTOR = YES;
				GCC_WARN_UNINITIALIZED_AUTOS = YES_AGGRESSIVE;
				GCC_WARN_UNUSED_FUNCTION = YES;
				GCC_WARN_UNUSED_VARIABLE = YES;
				IPHONEOS_DEPLOYMENT_TARGET = 8.4;
				MTL_ENABLE_DEBUG_INFO = NO;
				SDKROOT = iphoneos;
				TARGETED_DEVICE_FAMILY = "1,2";
				VALIDATE_PRODUCT = YES;
			};
			name = Release;
		};
		1D7E8A5D1B678A74005491F0 /* Debug */ = {
			isa = XCBuildConfiguration;
			baseConfigurationReference = B2D270E724424CAFF15269F8 /* Pods-XJStudyDemo.debug.xcconfig */;
			buildSettings = {
				ASSETCATALOG_COMPILER_APPICON_NAME = AppIcon;
				CLANG_ENABLE_MODULES = YES;
				INFOPLIST_FILE = XJStudyDemo/Info.plist;
				LD_RUNPATH_SEARCH_PATHS = "$(inherited) @executable_path/Frameworks";
				PRODUCT_NAME = "$(TARGET_NAME)";
				SWIFT_OPTIMIZATION_LEVEL = "-Onone";
			};
			name = Debug;
		};
		1D7E8A5E1B678A74005491F0 /* Release */ = {
			isa = XCBuildConfiguration;
			baseConfigurationReference = AD541EDD705B925D34641954 /* Pods-XJStudyDemo.release.xcconfig */;
			buildSettings = {
				ASSETCATALOG_COMPILER_APPICON_NAME = AppIcon;
				CLANG_ENABLE_MODULES = YES;
				INFOPLIST_FILE = XJStudyDemo/Info.plist;
				LD_RUNPATH_SEARCH_PATHS = "$(inherited) @executable_path/Frameworks";
				PRODUCT_NAME = "$(TARGET_NAME)";
			};
			name = Release;
		};
		1D7E8A601B678A74005491F0 /* Debug */ = {
			isa = XCBuildConfiguration;
			buildSettings = {
				BUNDLE_LOADER = "$(TEST_HOST)";
				FRAMEWORK_SEARCH_PATHS = (
					"$(SDKROOT)/Developer/Library/Frameworks",
					"$(inherited)",
				);
				GCC_PREPROCESSOR_DEFINITIONS = (
					"DEBUG=1",
					"$(inherited)",
				);
				INFOPLIST_FILE = XJStudyDemoTests/Info.plist;
				LD_RUNPATH_SEARCH_PATHS = "$(inherited) @executable_path/Frameworks @loader_path/Frameworks";
				PRODUCT_NAME = "$(TARGET_NAME)";
				TEST_HOST = "$(BUILT_PRODUCTS_DIR)/XJStudyDemo.app/XJStudyDemo";
			};
			name = Debug;
		};
		1D7E8A611B678A74005491F0 /* Release */ = {
			isa = XCBuildConfiguration;
			buildSettings = {
				BUNDLE_LOADER = "$(TEST_HOST)";
				FRAMEWORK_SEARCH_PATHS = (
					"$(SDKROOT)/Developer/Library/Frameworks",
					"$(inherited)",
				);
				INFOPLIST_FILE = XJStudyDemoTests/Info.plist;
				LD_RUNPATH_SEARCH_PATHS = "$(inherited) @executable_path/Frameworks @loader_path/Frameworks";
				PRODUCT_NAME = "$(TARGET_NAME)";
				TEST_HOST = "$(BUILT_PRODUCTS_DIR)/XJStudyDemo.app/XJStudyDemo";
			};
			name = Release;
		};
/* End XCBuildConfiguration section */

/* Begin XCConfigurationList section */
		1D7E8A341B678A73005491F0 /* Build configuration list for PBXProject "XJStudyDemo" */ = {
			isa = XCConfigurationList;
			buildConfigurations = (
				1D7E8A5A1B678A74005491F0 /* Debug */,
				1D7E8A5B1B678A74005491F0 /* Release */,
			);
			defaultConfigurationIsVisible = 0;
			defaultConfigurationName = Release;
		};
		1D7E8A5C1B678A74005491F0 /* Build configuration list for PBXNativeTarget "XJStudyDemo" */ = {
			isa = XCConfigurationList;
			buildConfigurations = (
				1D7E8A5D1B678A74005491F0 /* Debug */,
				1D7E8A5E1B678A74005491F0 /* Release */,
			);
			defaultConfigurationIsVisible = 0;
			defaultConfigurationName = Release;
		};
		1D7E8A5F1B678A74005491F0 /* Build configuration list for PBXNativeTarget "XJStudyDemoTests" */ = {
			isa = XCConfigurationList;
			buildConfigurations = (
				1D7E8A601B678A74005491F0 /* Debug */,
				1D7E8A611B678A74005491F0 /* Release */,
			);
			defaultConfigurationIsVisible = 0;
			defaultConfigurationName = Release;
		};
/* End XCConfigurationList section */

/* Begin XCVersionGroup section */
		1DC750781B68DDBC00366AA9 /* XJCoreData.xcdatamodeld */ = {
			isa = XCVersionGroup;
			children = (
				1DC750791B68DDBC00366AA9 /* XJCoreData.xcdatamodel */,
			);
			currentVersion = 1DC750791B68DDBC00366AA9 /* XJCoreData.xcdatamodel */;
			path = XJCoreData.xcdatamodeld;
			sourceTree = "<group>";
			versionGroupType = wrapper.xcdatamodel;
		};
/* End XCVersionGroup section */
	};
	rootObject = 1D7E8A311B678A73005491F0 /* Project object */;
}
